{
  "version": 4,
  "terraform_version": "1.9.3",
  "serial": 233,
  "lineage": "3fc0bb3f-17fd-3810-7af7-55b5fd238845",
  "outputs": {},
  "resources": [
    {
      "mode": "managed",
      "type": "azurerm_resource_group",
      "name": "bonus",
      "provider": "provider[\"registry.terraform.io/hashicorp/azurerm\"]",
      "instances": [
        {
          "schema_version": 0,
          "attributes": {
            "id": "/subscriptions/3ee0eb65-1142-48cf-b781-dab208608879/resourceGroups/bonus-able-mink",
            "location": "swedencentral",
            "managed_by": "",
            "name": "bonus-able-mink",
            "tags": {},
            "timeouts": null
          },
          "sensitive_attributes": [],
          "private": "eyJlMmJmYjczMC1lY2FhLTExZTYtOGY4OC0zNDM2M2JjN2M0YzAiOnsiY3JlYXRlIjo1NDAwMDAwMDAwMDAwLCJkZWxldGUiOjU0MDAwMDAwMDAwMDAsInJlYWQiOjMwMDAwMDAwMDAwMCwidXBkYXRlIjo1NDAwMDAwMDAwMDAwfX0=",
          "dependencies": [
            "random_pet.bonus_name"
          ]
        }
      ]
    },
    {
      "mode": "managed",
      "type": "azurerm_virtual_network",
      "name": "bonus",
      "provider": "provider[\"registry.terraform.io/hashicorp/azurerm\"]",
      "instances": [
        {
          "schema_version": 0,
          "attributes": {
            "address_space": [
              "10.0.0.0/16"
            ],
            "bgp_community": "",
            "ddos_protection_plan": [],
            "dns_servers": [],
            "edge_zone": "",
            "encryption": [],
            "flow_timeout_in_minutes": 0,
            "guid": "fca55af6-2a95-4e18-9c9a-9a753e8e2b83",
            "id": "/subscriptions/3ee0eb65-1142-48cf-b781-dab208608879/resourceGroups/bonus-able-mink/providers/Microsoft.Network/virtualNetworks/bonus-network",
            "location": "swedencentral",
            "name": "bonus-network",
            "resource_group_name": "bonus-able-mink",
            "subnet": [
              {
                "address_prefix": "10.0.1.0/24",
                "id": "/subscriptions/3ee0eb65-1142-48cf-b781-dab208608879/resourceGroups/bonus-able-mink/providers/Microsoft.Network/virtualNetworks/bonus-network/subnets/bonus-subnet",
                "name": "bonus-subnet",
                "security_group": ""
              },
              {
                "address_prefix": "10.0.2.0/26",
                "id": "/subscriptions/3ee0eb65-1142-48cf-b781-dab208608879/resourceGroups/bonus-able-mink/providers/Microsoft.Network/virtualNetworks/bonus-network/subnets/AzureBastionSubnet",
                "name": "AzureBastionSubnet",
                "security_group": ""
              }
            ],
            "tags": {},
            "timeouts": null
          },
          "sensitive_attributes": [],
          "private": "eyJlMmJmYjczMC1lY2FhLTExZTYtOGY4OC0zNDM2M2JjN2M0YzAiOnsiY3JlYXRlIjoxODAwMDAwMDAwMDAwLCJkZWxldGUiOjE4MDAwMDAwMDAwMDAsInJlYWQiOjMwMDAwMDAwMDAwMCwidXBkYXRlIjoxODAwMDAwMDAwMDAwfX0=",
          "dependencies": [
            "azurerm_resource_group.bonus",
            "random_pet.bonus_name"
          ]
        }
      ]
    },
    {
      "mode": "managed",
      "type": "random_pet",
      "name": "bonus_name",
      "provider": "provider[\"registry.terraform.io/hashicorp/random\"]",
      "instances": [
        {
          "schema_version": 0,
          "attributes": {
            "id": "bonus-able-mink",
            "keepers": null,
            "length": 2,
            "prefix": "bonus",
            "separator": "-"
          },
          "sensitive_attributes": []
        }
      ]
    }
  ],
  "check_results": null
}
