{
  "version": 4,
  "terraform_version": "1.9.5",
  "serial": 97,
  "lineage": "3fc0bb3f-17fd-3810-7af7-55b5fd238845",
  "outputs": {
    "resource_group_name": {
      "value": "bonus-able-mink",
      "type": "string"
    }
  },
  "resources": [
    {
      "mode": "managed",
      "type": "azurerm_network_interface",
      "name": "bonus",
      "provider": "provider[\"registry.terraform.io/hashicorp/azurerm\"]",
      "instances": [
        {
          "index_key": 0,
          "schema_version": 0,
          "attributes": {
            "accelerated_networking_enabled": false,
            "applied_dns_servers": [],
            "auxiliary_mode": "",
            "auxiliary_sku": "",
            "dns_servers": [],
            "edge_zone": "",
            "enable_accelerated_networking": false,
            "enable_ip_forwarding": false,
            "id": "/subscriptions/3ee0eb65-1142-48cf-b781-dab208608879/resourceGroups/bonus-able-mink/providers/Microsoft.Network/networkInterfaces/bonus-nic-0",
            "internal_dns_name_label": "",
            "internal_domain_name_suffix": "4q5fvozhkerupg5mx2l1giifth.gvxx.internal.cloudapp.net",
            "ip_configuration": [
              {
                "gateway_load_balancer_frontend_ip_configuration_id": "",
                "name": "internal",
                "primary": true,
                "private_ip_address": "10.0.1.4",
                "private_ip_address_allocation": "Dynamic",
                "private_ip_address_version": "IPv4",
                "public_ip_address_id": "",
                "subnet_id": "/subscriptions/3ee0eb65-1142-48cf-b781-dab208608879/resourceGroups/bonus-able-mink/providers/Microsoft.Network/virtualNetworks/bonus-network/subnets/bonus-subnet"
              }
            ],
            "ip_forwarding_enabled": false,
            "location": "swedencentral",
            "mac_address": "60-45-BD-FD-B3-48",
            "name": "bonus-nic-0",
            "private_ip_address": "10.0.1.4",
            "private_ip_addresses": [
              "10.0.1.4"
            ],
            "resource_group_name": "bonus-able-mink",
            "tags": {},
            "timeouts": null,
            "virtual_machine_id": "/subscriptions/3ee0eb65-1142-48cf-b781-dab208608879/resourceGroups/bonus-able-mink/providers/Microsoft.Compute/virtualMachines/bonus-vm-0"
          },
          "sensitive_attributes": [],
          "private": "eyJlMmJmYjczMC1lY2FhLTExZTYtOGY4OC0zNDM2M2JjN2M0YzAiOnsiY3JlYXRlIjoxODAwMDAwMDAwMDAwLCJkZWxldGUiOjE4MDAwMDAwMDAwMDAsInJlYWQiOjMwMDAwMDAwMDAwMCwidXBkYXRlIjoxODAwMDAwMDAwMDAwfX0=",
          "dependencies": [
            "azurerm_resource_group.bonus",
            "azurerm_subnet.bonus",
            "azurerm_virtual_network.bonus",
            "random_pet.bonus_name"
          ]
        },
        {
          "index_key": 1,
          "schema_version": 0,
          "attributes": {
            "accelerated_networking_enabled": false,
            "applied_dns_servers": [],
            "auxiliary_mode": "",
            "auxiliary_sku": "",
            "dns_servers": [],
            "edge_zone": "",
            "enable_accelerated_networking": false,
            "enable_ip_forwarding": false,
            "id": "/subscriptions/3ee0eb65-1142-48cf-b781-dab208608879/resourceGroups/bonus-able-mink/providers/Microsoft.Network/networkInterfaces/bonus-nic-1",
            "internal_dns_name_label": "",
            "internal_domain_name_suffix": "4q5fvozhkerupg5mx2l1giifth.gvxx.internal.cloudapp.net",
            "ip_configuration": [
              {
                "gateway_load_balancer_frontend_ip_configuration_id": "",
                "name": "internal",
                "primary": true,
                "private_ip_address": "10.0.1.5",
                "private_ip_address_allocation": "Dynamic",
                "private_ip_address_version": "IPv4",
                "public_ip_address_id": "",
                "subnet_id": "/subscriptions/3ee0eb65-1142-48cf-b781-dab208608879/resourceGroups/bonus-able-mink/providers/Microsoft.Network/virtualNetworks/bonus-network/subnets/bonus-subnet"
              }
            ],
            "ip_forwarding_enabled": false,
            "location": "swedencentral",
            "mac_address": "60-45-BD-AB-91-ED",
            "name": "bonus-nic-1",
            "private_ip_address": "10.0.1.5",
            "private_ip_addresses": [
              "10.0.1.5"
            ],
            "resource_group_name": "bonus-able-mink",
            "tags": {},
            "timeouts": null,
            "virtual_machine_id": "/subscriptions/3ee0eb65-1142-48cf-b781-dab208608879/resourceGroups/bonus-able-mink/providers/Microsoft.Compute/virtualMachines/bonus-vm-1"
          },
          "sensitive_attributes": [],
          "private": "eyJlMmJmYjczMC1lY2FhLTExZTYtOGY4OC0zNDM2M2JjN2M0YzAiOnsiY3JlYXRlIjoxODAwMDAwMDAwMDAwLCJkZWxldGUiOjE4MDAwMDAwMDAwMDAsInJlYWQiOjMwMDAwMDAwMDAwMCwidXBkYXRlIjoxODAwMDAwMDAwMDAwfX0=",
          "dependencies": [
            "azurerm_resource_group.bonus",
            "azurerm_subnet.bonus",
            "azurerm_virtual_network.bonus",
            "random_pet.bonus_name"
          ]
        },
        {
          "index_key": 2,
          "schema_version": 0,
          "attributes": {
            "accelerated_networking_enabled": false,
            "applied_dns_servers": [],
            "auxiliary_mode": "",
            "auxiliary_sku": "",
            "dns_servers": [],
            "edge_zone": "",
            "enable_accelerated_networking": false,
            "enable_ip_forwarding": false,
            "id": "/subscriptions/3ee0eb65-1142-48cf-b781-dab208608879/resourceGroups/bonus-able-mink/providers/Microsoft.Network/networkInterfaces/bonus-nic-2",
            "internal_dns_name_label": "",
            "internal_domain_name_suffix": "4q5fvozhkerupg5mx2l1giifth.gvxx.internal.cloudapp.net",
            "ip_configuration": [
              {
                "gateway_load_balancer_frontend_ip_configuration_id": "",
                "name": "internal",
                "primary": true,
                "private_ip_address": "10.0.1.6",
                "private_ip_address_allocation": "Dynamic",
                "private_ip_address_version": "IPv4",
                "public_ip_address_id": "",
                "subnet_id": "/subscriptions/3ee0eb65-1142-48cf-b781-dab208608879/resourceGroups/bonus-able-mink/providers/Microsoft.Network/virtualNetworks/bonus-network/subnets/bonus-subnet"
              }
            ],
            "ip_forwarding_enabled": false,
            "location": "swedencentral",
            "mac_address": "60-45-BD-AB-99-54",
            "name": "bonus-nic-2",
            "private_ip_address": "10.0.1.6",
            "private_ip_addresses": [
              "10.0.1.6"
            ],
            "resource_group_name": "bonus-able-mink",
            "tags": {},
            "timeouts": null,
            "virtual_machine_id": "/subscriptions/3ee0eb65-1142-48cf-b781-dab208608879/resourceGroups/bonus-able-mink/providers/Microsoft.Compute/virtualMachines/bonus-vm-2"
          },
          "sensitive_attributes": [],
          "private": "eyJlMmJmYjczMC1lY2FhLTExZTYtOGY4OC0zNDM2M2JjN2M0YzAiOnsiY3JlYXRlIjoxODAwMDAwMDAwMDAwLCJkZWxldGUiOjE4MDAwMDAwMDAwMDAsInJlYWQiOjMwMDAwMDAwMDAwMCwidXBkYXRlIjoxODAwMDAwMDAwMDAwfX0=",
          "dependencies": [
            "azurerm_resource_group.bonus",
            "azurerm_subnet.bonus",
            "azurerm_virtual_network.bonus",
            "random_pet.bonus_name"
          ]
        }
      ]
    },
    {
      "mode": "managed",
      "type": "azurerm_network_interface_security_group_association",
      "name": "bonus",
      "provider": "provider[\"registry.terraform.io/hashicorp/azurerm\"]",
      "instances": [
        {
          "index_key": 0,
          "schema_version": 0,
          "attributes": {
            "id": "/subscriptions/3ee0eb65-1142-48cf-b781-dab208608879/resourceGroups/bonus-able-mink/providers/Microsoft.Network/networkInterfaces/bonus-nic-0|/subscriptions/3ee0eb65-1142-48cf-b781-dab208608879/resourceGroups/bonus-able-mink/providers/Microsoft.Network/networkSecurityGroups/bonus-nsg",
            "network_interface_id": "/subscriptions/3ee0eb65-1142-48cf-b781-dab208608879/resourceGroups/bonus-able-mink/providers/Microsoft.Network/networkInterfaces/bonus-nic-0",
            "network_security_group_id": "/subscriptions/3ee0eb65-1142-48cf-b781-dab208608879/resourceGroups/bonus-able-mink/providers/Microsoft.Network/networkSecurityGroups/bonus-nsg",
            "timeouts": null
          },
          "sensitive_attributes": [],
          "private": "eyJlMmJmYjczMC1lY2FhLTExZTYtOGY4OC0zNDM2M2JjN2M0YzAiOnsiY3JlYXRlIjoxODAwMDAwMDAwMDAwLCJkZWxldGUiOjE4MDAwMDAwMDAwMDAsInJlYWQiOjMwMDAwMDAwMDAwMH19",
          "dependencies": [
            "azurerm_network_interface.bonus",
            "azurerm_network_security_group.bonus",
            "azurerm_resource_group.bonus",
            "azurerm_subnet.bonus",
            "azurerm_virtual_network.bonus",
            "random_pet.bonus_name"
          ]
        },
        {
          "index_key": 1,
          "schema_version": 0,
          "attributes": {
            "id": "/subscriptions/3ee0eb65-1142-48cf-b781-dab208608879/resourceGroups/bonus-able-mink/providers/Microsoft.Network/networkInterfaces/bonus-nic-1|/subscriptions/3ee0eb65-1142-48cf-b781-dab208608879/resourceGroups/bonus-able-mink/providers/Microsoft.Network/networkSecurityGroups/bonus-nsg",
            "network_interface_id": "/subscriptions/3ee0eb65-1142-48cf-b781-dab208608879/resourceGroups/bonus-able-mink/providers/Microsoft.Network/networkInterfaces/bonus-nic-1",
            "network_security_group_id": "/subscriptions/3ee0eb65-1142-48cf-b781-dab208608879/resourceGroups/bonus-able-mink/providers/Microsoft.Network/networkSecurityGroups/bonus-nsg",
            "timeouts": null
          },
          "sensitive_attributes": [],
          "private": "eyJlMmJmYjczMC1lY2FhLTExZTYtOGY4OC0zNDM2M2JjN2M0YzAiOnsiY3JlYXRlIjoxODAwMDAwMDAwMDAwLCJkZWxldGUiOjE4MDAwMDAwMDAwMDAsInJlYWQiOjMwMDAwMDAwMDAwMH19",
          "dependencies": [
            "azurerm_network_interface.bonus",
            "azurerm_network_security_group.bonus",
            "azurerm_resource_group.bonus",
            "azurerm_subnet.bonus",
            "azurerm_virtual_network.bonus",
            "random_pet.bonus_name"
          ]
        },
        {
          "index_key": 2,
          "schema_version": 0,
          "attributes": {
            "id": "/subscriptions/3ee0eb65-1142-48cf-b781-dab208608879/resourceGroups/bonus-able-mink/providers/Microsoft.Network/networkInterfaces/bonus-nic-2|/subscriptions/3ee0eb65-1142-48cf-b781-dab208608879/resourceGroups/bonus-able-mink/providers/Microsoft.Network/networkSecurityGroups/bonus-nsg",
            "network_interface_id": "/subscriptions/3ee0eb65-1142-48cf-b781-dab208608879/resourceGroups/bonus-able-mink/providers/Microsoft.Network/networkInterfaces/bonus-nic-2",
            "network_security_group_id": "/subscriptions/3ee0eb65-1142-48cf-b781-dab208608879/resourceGroups/bonus-able-mink/providers/Microsoft.Network/networkSecurityGroups/bonus-nsg",
            "timeouts": null
          },
          "sensitive_attributes": [],
          "private": "eyJlMmJmYjczMC1lY2FhLTExZTYtOGY4OC0zNDM2M2JjN2M0YzAiOnsiY3JlYXRlIjoxODAwMDAwMDAwMDAwLCJkZWxldGUiOjE4MDAwMDAwMDAwMDAsInJlYWQiOjMwMDAwMDAwMDAwMH19",
          "dependencies": [
            "azurerm_network_interface.bonus",
            "azurerm_network_security_group.bonus",
            "azurerm_resource_group.bonus",
            "azurerm_subnet.bonus",
            "azurerm_virtual_network.bonus",
            "random_pet.bonus_name"
          ]
        }
      ]
    },
    {
      "mode": "managed",
      "type": "azurerm_network_security_group",
      "name": "bonus",
      "provider": "provider[\"registry.terraform.io/hashicorp/azurerm\"]",
      "instances": [
        {
          "schema_version": 0,
          "attributes": {
            "id": "/subscriptions/3ee0eb65-1142-48cf-b781-dab208608879/resourceGroups/bonus-able-mink/providers/Microsoft.Network/networkSecurityGroups/bonus-nsg",
            "location": "swedencentral",
            "name": "bonus-nsg",
            "resource_group_name": "bonus-able-mink",
            "security_rule": [
              {
                "access": "Allow",
                "description": "",
                "destination_address_prefix": "*",
                "destination_address_prefixes": [],
                "destination_application_security_group_ids": [],
                "destination_port_range": "*",
                "destination_port_ranges": [],
                "direction": "Inbound",
                "name": "allow_icmp",
                "priority": 1001,
                "protocol": "Icmp",
                "source_address_prefix": "*",
                "source_address_prefixes": [],
                "source_application_security_group_ids": [],
                "source_port_range": "*",
                "source_port_ranges": []
              },
              {
                "access": "Allow",
                "description": "",
                "destination_address_prefix": "*",
                "destination_address_prefixes": [],
                "destination_application_security_group_ids": [],
                "destination_port_range": "22",
                "destination_port_ranges": [],
                "direction": "Inbound",
                "name": "allow_ssh",
                "priority": 1000,
                "protocol": "Tcp",
                "source_address_prefix": "*",
                "source_address_prefixes": [],
                "source_application_security_group_ids": [],
                "source_port_range": "*",
                "source_port_ranges": []
              }
            ],
            "tags": {},
            "timeouts": null
          },
          "sensitive_attributes": [],
          "private": "eyJlMmJmYjczMC1lY2FhLTExZTYtOGY4OC0zNDM2M2JjN2M0YzAiOnsiY3JlYXRlIjoxODAwMDAwMDAwMDAwLCJkZWxldGUiOjE4MDAwMDAwMDAwMDAsInJlYWQiOjMwMDAwMDAwMDAwMCwidXBkYXRlIjoxODAwMDAwMDAwMDAwfX0=",
          "dependencies": [
            "azurerm_resource_group.bonus",
            "random_pet.bonus_name"
          ]
        }
      ]
    },
    {
      "mode": "managed",
      "type": "azurerm_resource_group",
      "name": "bonus",
      "provider": "provider[\"registry.terraform.io/hashicorp/azurerm\"]",
      "instances": [
        {
          "schema_version": 0,
          "attributes": {
            "id": "/subscriptions/3ee0eb65-1142-48cf-b781-dab208608879/resourceGroups/bonus-able-mink",
            "location": "swedencentral",
            "managed_by": "",
            "name": "bonus-able-mink",
            "tags": {},
            "timeouts": null
          },
          "sensitive_attributes": [],
          "private": "eyJlMmJmYjczMC1lY2FhLTExZTYtOGY4OC0zNDM2M2JjN2M0YzAiOnsiY3JlYXRlIjo1NDAwMDAwMDAwMDAwLCJkZWxldGUiOjU0MDAwMDAwMDAwMDAsInJlYWQiOjMwMDAwMDAwMDAwMCwidXBkYXRlIjo1NDAwMDAwMDAwMDAwfX0=",
          "dependencies": [
            "random_pet.bonus_name"
          ]
        }
      ]
    },
    {
      "mode": "managed",
      "type": "azurerm_subnet",
      "name": "bonus",
      "provider": "provider[\"registry.terraform.io/hashicorp/azurerm\"]",
      "instances": [
        {
          "schema_version": 0,
          "attributes": {
            "address_prefixes": [
              "10.0.1.0/24"
            ],
            "default_outbound_access_enabled": true,
            "delegation": [],
            "enforce_private_link_endpoint_network_policies": false,
            "enforce_private_link_service_network_policies": false,
            "id": "/subscriptions/3ee0eb65-1142-48cf-b781-dab208608879/resourceGroups/bonus-able-mink/providers/Microsoft.Network/virtualNetworks/bonus-network/subnets/bonus-subnet",
            "name": "bonus-subnet",
            "private_endpoint_network_policies": "Enabled",
            "private_endpoint_network_policies_enabled": true,
            "private_link_service_network_policies_enabled": true,
            "resource_group_name": "bonus-able-mink",
            "service_endpoint_policy_ids": [],
            "service_endpoints": [],
            "timeouts": null,
            "virtual_network_name": "bonus-network"
          },
          "sensitive_attributes": [],
          "private": "eyJlMmJmYjczMC1lY2FhLTExZTYtOGY4OC0zNDM2M2JjN2M0YzAiOnsiY3JlYXRlIjoxODAwMDAwMDAwMDAwLCJkZWxldGUiOjE4MDAwMDAwMDAwMDAsInJlYWQiOjMwMDAwMDAwMDAwMCwidXBkYXRlIjoxODAwMDAwMDAwMDAwfX0=",
          "dependencies": [
            "azurerm_resource_group.bonus",
            "azurerm_virtual_network.bonus",
            "random_pet.bonus_name"
          ]
        }
      ]
    },
    {
      "mode": "managed",
      "type": "azurerm_virtual_machine",
      "name": "bonus",
      "provider": "provider[\"registry.terraform.io/hashicorp/azurerm\"]",
      "instances": [
        {
          "index_key": 0,
          "schema_version": 0,
          "attributes": {
            "additional_capabilities": [],
            "availability_set_id": null,
            "boot_diagnostics": [],
            "delete_data_disks_on_termination": false,
            "delete_os_disk_on_termination": false,
            "id": "/subscriptions/3ee0eb65-1142-48cf-b781-dab208608879/resourceGroups/bonus-able-mink/providers/Microsoft.Compute/virtualMachines/bonus-vm-0",
            "identity": [],
            "license_type": null,
            "location": "swedencentral",
            "name": "bonus-vm-0",
            "network_interface_ids": [
              "/subscriptions/3ee0eb65-1142-48cf-b781-dab208608879/resourceGroups/bonus-able-mink/providers/Microsoft.Network/networkInterfaces/bonus-nic-0"
            ],
            "os_profile": [
              {
                "admin_password": "",
                "admin_username": "adminuser",
                "computer_name": "myvm0",
                "custom_data": ""
              }
            ],
            "os_profile_linux_config": [
              {
                "disable_password_authentication": false,
                "ssh_keys": []
              }
            ],
            "os_profile_secrets": [],
            "os_profile_windows_config": [],
            "plan": [],
            "primary_network_interface_id": null,
            "proximity_placement_group_id": null,
            "resource_group_name": "bonus-able-mink",
            "storage_data_disk": [],
            "storage_image_reference": [
              {
                "id": "",
                "offer": "0001-com-ubuntu-server-jammy",
                "publisher": "Canonical",
                "sku": "22_04-lts-gen2",
                "version": "latest"
              }
            ],
            "storage_os_disk": [
              {
                "caching": "ReadWrite",
                "create_option": "FromImage",
                "disk_size_gb": 30,
                "image_uri": "",
                "managed_disk_id": "/subscriptions/3ee0eb65-1142-48cf-b781-dab208608879/resourceGroups/bonus-able-mink/providers/Microsoft.Compute/disks/myosdisk0",
                "managed_disk_type": "Standard_LRS",
                "name": "myosdisk0",
                "os_type": "Linux",
                "vhd_uri": "",
                "write_accelerator_enabled": false
              }
            ],
            "tags": {
              "environment": "testing"
            },
            "timeouts": null,
            "vm_size": "Standard_B1s",
            "zones": []
          },
          "sensitive_attributes": [
            [
              {
                "type": "get_attr",
                "value": "os_profile"
              }
            ]
          ],
          "private": "eyJlMmJmYjczMC1lY2FhLTExZTYtOGY4OC0zNDM2M2JjN2M0YzAiOnsiY3JlYXRlIjozNjAwMDAwMDAwMDAwLCJkZWxldGUiOjM2MDAwMDAwMDAwMDAsInJlYWQiOjMwMDAwMDAwMDAwMCwidXBkYXRlIjozNjAwMDAwMDAwMDAwfX0=",
          "dependencies": [
            "azurerm_network_interface.bonus",
            "azurerm_resource_group.bonus",
            "azurerm_subnet.bonus",
            "azurerm_virtual_network.bonus",
            "random_password.vm_passwd",
            "random_pet.bonus_name"
          ]
        },
        {
          "index_key": 1,
          "schema_version": 0,
          "attributes": {
            "additional_capabilities": [],
            "availability_set_id": null,
            "boot_diagnostics": [],
            "delete_data_disks_on_termination": false,
            "delete_os_disk_on_termination": false,
            "id": "/subscriptions/3ee0eb65-1142-48cf-b781-dab208608879/resourceGroups/bonus-able-mink/providers/Microsoft.Compute/virtualMachines/bonus-vm-1",
            "identity": [],
            "license_type": null,
            "location": "swedencentral",
            "name": "bonus-vm-1",
            "network_interface_ids": [
              "/subscriptions/3ee0eb65-1142-48cf-b781-dab208608879/resourceGroups/bonus-able-mink/providers/Microsoft.Network/networkInterfaces/bonus-nic-1"
            ],
            "os_profile": [
              {
                "admin_password": "",
                "admin_username": "adminuser",
                "computer_name": "myvm1",
                "custom_data": ""
              }
            ],
            "os_profile_linux_config": [
              {
                "disable_password_authentication": false,
                "ssh_keys": []
              }
            ],
            "os_profile_secrets": [],
            "os_profile_windows_config": [],
            "plan": [],
            "primary_network_interface_id": null,
            "proximity_placement_group_id": null,
            "resource_group_name": "bonus-able-mink",
            "storage_data_disk": [],
            "storage_image_reference": [
              {
                "id": "",
                "offer": "0001-com-ubuntu-server-jammy",
                "publisher": "Canonical",
                "sku": "22_04-lts-gen2",
                "version": "latest"
              }
            ],
            "storage_os_disk": [
              {
                "caching": "ReadWrite",
                "create_option": "FromImage",
                "disk_size_gb": 30,
                "image_uri": "",
                "managed_disk_id": "/subscriptions/3ee0eb65-1142-48cf-b781-dab208608879/resourceGroups/bonus-able-mink/providers/Microsoft.Compute/disks/myosdisk1",
                "managed_disk_type": "Standard_LRS",
                "name": "myosdisk1",
                "os_type": "Linux",
                "vhd_uri": "",
                "write_accelerator_enabled": false
              }
            ],
            "tags": {
              "environment": "testing"
            },
            "timeouts": null,
            "vm_size": "Standard_B1s",
            "zones": []
          },
          "sensitive_attributes": [
            [
              {
                "type": "get_attr",
                "value": "os_profile"
              }
            ]
          ],
          "private": "eyJlMmJmYjczMC1lY2FhLTExZTYtOGY4OC0zNDM2M2JjN2M0YzAiOnsiY3JlYXRlIjozNjAwMDAwMDAwMDAwLCJkZWxldGUiOjM2MDAwMDAwMDAwMDAsInJlYWQiOjMwMDAwMDAwMDAwMCwidXBkYXRlIjozNjAwMDAwMDAwMDAwfX0=",
          "dependencies": [
            "azurerm_network_interface.bonus",
            "azurerm_resource_group.bonus",
            "azurerm_subnet.bonus",
            "azurerm_virtual_network.bonus",
            "random_password.vm_passwd",
            "random_pet.bonus_name"
          ]
        },
        {
          "index_key": 2,
          "schema_version": 0,
          "attributes": {
            "additional_capabilities": [],
            "availability_set_id": null,
            "boot_diagnostics": [],
            "delete_data_disks_on_termination": false,
            "delete_os_disk_on_termination": false,
            "id": "/subscriptions/3ee0eb65-1142-48cf-b781-dab208608879/resourceGroups/bonus-able-mink/providers/Microsoft.Compute/virtualMachines/bonus-vm-2",
            "identity": [],
            "license_type": null,
            "location": "swedencentral",
            "name": "bonus-vm-2",
            "network_interface_ids": [
              "/subscriptions/3ee0eb65-1142-48cf-b781-dab208608879/resourceGroups/bonus-able-mink/providers/Microsoft.Network/networkInterfaces/bonus-nic-2"
            ],
            "os_profile": [
              {
                "admin_password": "",
                "admin_username": "adminuser",
                "computer_name": "myvm2",
                "custom_data": ""
              }
            ],
            "os_profile_linux_config": [
              {
                "disable_password_authentication": false,
                "ssh_keys": []
              }
            ],
            "os_profile_secrets": [],
            "os_profile_windows_config": [],
            "plan": [],
            "primary_network_interface_id": null,
            "proximity_placement_group_id": null,
            "resource_group_name": "bonus-able-mink",
            "storage_data_disk": [],
            "storage_image_reference": [
              {
                "id": "",
                "offer": "0001-com-ubuntu-server-jammy",
                "publisher": "Canonical",
                "sku": "22_04-lts-gen2",
                "version": "latest"
              }
            ],
            "storage_os_disk": [
              {
                "caching": "ReadWrite",
                "create_option": "FromImage",
                "disk_size_gb": 30,
                "image_uri": "",
                "managed_disk_id": "/subscriptions/3ee0eb65-1142-48cf-b781-dab208608879/resourceGroups/bonus-able-mink/providers/Microsoft.Compute/disks/myosdisk2",
                "managed_disk_type": "Standard_LRS",
                "name": "myosdisk2",
                "os_type": "Linux",
                "vhd_uri": "",
                "write_accelerator_enabled": false
              }
            ],
            "tags": {
              "environment": "testing"
            },
            "timeouts": null,
            "vm_size": "Standard_B1s",
            "zones": []
          },
          "sensitive_attributes": [
            [
              {
                "type": "get_attr",
                "value": "os_profile"
              }
            ]
          ],
          "private": "eyJlMmJmYjczMC1lY2FhLTExZTYtOGY4OC0zNDM2M2JjN2M0YzAiOnsiY3JlYXRlIjozNjAwMDAwMDAwMDAwLCJkZWxldGUiOjM2MDAwMDAwMDAwMDAsInJlYWQiOjMwMDAwMDAwMDAwMCwidXBkYXRlIjozNjAwMDAwMDAwMDAwfX0=",
          "dependencies": [
            "azurerm_network_interface.bonus",
            "azurerm_resource_group.bonus",
            "azurerm_subnet.bonus",
            "azurerm_virtual_network.bonus",
            "random_password.vm_passwd",
            "random_pet.bonus_name"
          ]
        }
      ]
    },
    {
      "mode": "managed",
      "type": "azurerm_virtual_network",
      "name": "bonus",
      "provider": "provider[\"registry.terraform.io/hashicorp/azurerm\"]",
      "instances": [
        {
          "schema_version": 0,
          "attributes": {
            "address_space": [
              "10.0.0.0/16"
            ],
            "bgp_community": "",
            "ddos_protection_plan": [],
            "dns_servers": [],
            "edge_zone": "",
            "encryption": [],
            "flow_timeout_in_minutes": 0,
            "guid": "bb5a3ef4-5127-4723-9bec-bf17b321059f",
            "id": "/subscriptions/3ee0eb65-1142-48cf-b781-dab208608879/resourceGroups/bonus-able-mink/providers/Microsoft.Network/virtualNetworks/bonus-network",
            "location": "swedencentral",
            "name": "bonus-network",
            "resource_group_name": "bonus-able-mink",
            "subnet": [
              {
                "address_prefix": "10.0.1.0/24",
                "id": "/subscriptions/3ee0eb65-1142-48cf-b781-dab208608879/resourceGroups/bonus-able-mink/providers/Microsoft.Network/virtualNetworks/bonus-network/subnets/bonus-subnet",
                "name": "bonus-subnet",
                "security_group": ""
              }
            ],
            "tags": {},
            "timeouts": null
          },
          "sensitive_attributes": [],
          "private": "eyJlMmJmYjczMC1lY2FhLTExZTYtOGY4OC0zNDM2M2JjN2M0YzAiOnsiY3JlYXRlIjoxODAwMDAwMDAwMDAwLCJkZWxldGUiOjE4MDAwMDAwMDAwMDAsInJlYWQiOjMwMDAwMDAwMDAwMCwidXBkYXRlIjoxODAwMDAwMDAwMDAwfX0=",
          "dependencies": [
            "azurerm_resource_group.bonus",
            "random_pet.bonus_name"
          ]
        }
      ]
    },
    {
      "mode": "managed",
      "type": "random_password",
      "name": "vm_passwd",
      "provider": "provider[\"registry.terraform.io/hashicorp/random\"]",
      "instances": [
        {
          "index_key": 0,
          "schema_version": 3,
          "attributes": {
            "bcrypt_hash": "$2a$10$2Dpg6y04l/mlVjryh1VV/uk7NUMLTplB/FB/1ZSiTmW7ZHS8A5li.",
            "id": "none",
            "keepers": null,
            "length": 16,
            "lower": true,
            "min_lower": 0,
            "min_numeric": 0,
            "min_special": 0,
            "min_upper": 0,
            "number": true,
            "numeric": true,
            "override_special": null,
            "result": "X6{5pBDi_UJ{W*uQ",
            "special": true,
            "upper": true
          },
          "sensitive_attributes": [
            [
              {
                "type": "get_attr",
                "value": "result"
              }
            ],
            [
              {
                "type": "get_attr",
                "value": "bcrypt_hash"
              }
            ]
          ]
        },
        {
          "index_key": 1,
          "schema_version": 3,
          "attributes": {
            "bcrypt_hash": "$2a$10$qBkhkqN1tl.qg.qnNyMKBOI9B5S6UrLk2INo7ClZipRHxNjQH9pNq",
            "id": "none",
            "keepers": null,
            "length": 16,
            "lower": true,
            "min_lower": 0,
            "min_numeric": 0,
            "min_special": 0,
            "min_upper": 0,
            "number": true,
            "numeric": true,
            "override_special": null,
            "result": "nKjgwx5g===FeID3",
            "special": true,
            "upper": true
          },
          "sensitive_attributes": [
            [
              {
                "type": "get_attr",
                "value": "result"
              }
            ],
            [
              {
                "type": "get_attr",
                "value": "bcrypt_hash"
              }
            ]
          ]
        },
        {
          "index_key": 2,
          "schema_version": 3,
          "attributes": {
            "bcrypt_hash": "$2a$10$bC25nmPcgoEOyyY887Fi9.yAGa6geECYK2vLZOp0gLDnM/rEbDTg2",
            "id": "none",
            "keepers": null,
            "length": 16,
            "lower": true,
            "min_lower": 0,
            "min_numeric": 0,
            "min_special": 0,
            "min_upper": 0,
            "number": true,
            "numeric": true,
            "override_special": null,
            "result": "sM2p6SP[U}BFFFXs",
            "special": true,
            "upper": true
          },
          "sensitive_attributes": [
            [
              {
                "type": "get_attr",
                "value": "result"
              }
            ],
            [
              {
                "type": "get_attr",
                "value": "bcrypt_hash"
              }
            ]
          ]
        }
      ]
    },
    {
      "mode": "managed",
      "type": "random_pet",
      "name": "bonus_name",
      "provider": "provider[\"registry.terraform.io/hashicorp/random\"]",
      "instances": [
        {
          "schema_version": 0,
          "attributes": {
            "id": "bonus-able-mink",
            "keepers": null,
            "length": 2,
            "prefix": "bonus",
            "separator": "-"
          },
          "sensitive_attributes": []
        }
      ]
    }
  ],
  "check_results": null
}
